
Microsoft Visual Studio Solution File, Format Version 12.00
# Visual Studio Version 17
VisualStudioVersion = 17.5.33530.505
MinimumVisualStudioVersion = 10.0.40219.1
Project("{9A19103F-16F7-4668-BE54-9A1E7A4F7556}") = "AbstractFactory", "..\AbstractFactory\AbstractFactory.csproj", "{6C3F5770-E761-4A01-9EF8-41C7A99FA558}"
EndProject
Project("{9A19103F-16F7-4668-BE54-9A1E7A4F7556}") = "Builder", "..\Builder\Builder.csproj", "{6051D17F-797B-43E6-A77C-516ADF3F7A21}"
EndProject
Project("{9A19103F-16F7-4668-BE54-9A1E7A4F7556}") = "FactoryMethod", "..\FactoryMethod\FactoryMethod.csproj", "{C69DA908-6F5A-4A23-9FDF-D2C21FEE8B4D}"
EndProject
Project("{9A19103F-16F7-4668-BE54-9A1E7A4F7556}") = "Prototype", "..\Prototype\Prototype.csproj", "{13123C67-7191-4380-B6ED-67DC71D84BC3}"
EndProject
Project("{9A19103F-16F7-4668-BE54-9A1E7A4F7556}") = "Singleton", "..\Singleton\Singleton.csproj", "{30923750-8C68-45B5-82DB-5B16DD8B111D}"
EndProject
Project("{2150E333-8FDC-42A3-9474-1A3956D46DE8}") = "1 - Criacionais", "1 - Criacionais", "{A8BFB3B2-ACA2-495E-A715-153E5B2BB5DA}"
EndProject
Project("{2150E333-8FDC-42A3-9474-1A3956D46DE8}") = "2 - Estruturais", "2 - Estruturais", "{A3BFE767-20EE-4B11-9D76-9444F12C658A}"
EndProject
Project("{2150E333-8FDC-42A3-9474-1A3956D46DE8}") = "3 - Comportamentais", "3 - Comportamentais", "{CDD7E2A3-7CCA-469F-B93D-EDAB3B2227FE}"
EndProject
Project("{9A19103F-16F7-4668-BE54-9A1E7A4F7556}") = "Adapter", "Adapter\Adapter.csproj", "{C803B235-8774-409F-95A7-7A96F2CD3759}"
EndProject
Project("{9A19103F-16F7-4668-BE54-9A1E7A4F7556}") = "Bridge", "Bridge\Bridge.csproj", "{09D9F33D-8C18-4D43-95CD-5BCE36AE5262}"
EndProject
Project("{9A19103F-16F7-4668-BE54-9A1E7A4F7556}") = "Composite", "Composite\Composite.csproj", "{17FDE08F-81DE-488C-A4E7-321F1A5CD479}"
EndProject
Project("{9A19103F-16F7-4668-BE54-9A1E7A4F7556}") = "Decorator", "Decorator\Decorator.csproj", "{610882D0-A4B3-41CF-8670-83784037FB57}"
EndProject
Project("{9A19103F-16F7-4668-BE54-9A1E7A4F7556}") = "Facade", "Facade\Facade.csproj", "{1BEE123C-C856-4E9A-B500-D94316199B88}"
EndProject
Project("{9A19103F-16F7-4668-BE54-9A1E7A4F7556}") = "Flyweight", "Flyweight\Flyweight.csproj", "{E711A9E6-8339-4533-BB29-9404566FACD0}"
EndProject
Project("{9A19103F-16F7-4668-BE54-9A1E7A4F7556}") = "Proxy", "Proxy\Proxy.csproj", "{156FE9F6-4110-40CA-8B89-AD5EDB26D3A1}"
EndProject
Project("{9A19103F-16F7-4668-BE54-9A1E7A4F7556}") = "ChainOfResponsibility", "ChainOfResponsibility\ChainOfResponsibility.csproj", "{81580DDA-A58B-4506-95C1-0D876B3C12FD}"
EndProject
Project("{9A19103F-16F7-4668-BE54-9A1E7A4F7556}") = "Command", "Command\Command.csproj", "{2D28837D-EFD8-402B-AC84-D03184A0ECE5}"
EndProject
Project("{9A19103F-16F7-4668-BE54-9A1E7A4F7556}") = "Interpreter", "Interpreter\Interpreter.csproj", "{7EBD1DEE-3DB7-4B3B-B981-ADC2DC1F1FAD}"
EndProject
Project("{9A19103F-16F7-4668-BE54-9A1E7A4F7556}") = "Iterator", "Iterator\Iterator.csproj", "{2F071B5D-D965-4A53-A339-CE19313D3416}"
EndProject
Project("{9A19103F-16F7-4668-BE54-9A1E7A4F7556}") = "Mediator", "Mediator\Mediator.csproj", "{20B7EA44-8377-429B-B200-C5B2B8CDF826}"
EndProject
Project("{9A19103F-16F7-4668-BE54-9A1E7A4F7556}") = "Memento", "Memento\Memento.csproj", "{494849A0-E42B-4327-963D-BCAF9F2D7780}"
EndProject
Project("{9A19103F-16F7-4668-BE54-9A1E7A4F7556}") = "Observer", "Observer\Observer.csproj", "{C1B8B2AE-B0E9-42FC-A972-FF6A71967417}"
EndProject
Project("{9A19103F-16F7-4668-BE54-9A1E7A4F7556}") = "State", "State\State.csproj", "{64791010-19C1-492C-91C9-01DBCA7D9F53}"
EndProject
Project("{9A19103F-16F7-4668-BE54-9A1E7A4F7556}") = "Strategy", "Strategy\Strategy.csproj", "{32DB6E25-73AF-468E-A5DC-B47AD6F782F4}"
EndProject
Project("{9A19103F-16F7-4668-BE54-9A1E7A4F7556}") = "TemplateMethod", "TemplateMethod\TemplateMethod.csproj", "{381262DE-F93D-4893-B294-81F794B9BD07}"
EndProject
Project("{9A19103F-16F7-4668-BE54-9A1E7A4F7556}") = "Visitor", "Visitor\Visitor.csproj", "{650920C5-3A25-4BFF-BAD0-B18FA8CCE835}"
EndProject
Project("{2150E333-8FDC-42A3-9474-1A3956D46DE8}") = "DesignPatterns", "DesignPatterns", "{99D42E47-F320-40D4-A15C-156361E71314}"
EndProject
Project("{2150E333-8FDC-42A3-9474-1A3956D46DE8}") = "DBMS", "DBMS", "{7B1B0EAF-B510-489F-BCA9-69003022C3C4}"
	ProjectSection(SolutionItems) = preProject
		1 - Introdução.txt = 1 - Introdução.txt
		2 - Normalização.txt = 2 - Normalização.txt
		3 - Transações.txt = 3 - Transações.txt
		4 - Índices.txt = 4 - Índices.txt
		5 - SQLvsNoSQL.txt = 5 - SQLvsNoSQL.txt
		6 - Performance.txt = 6 - Performance.txt
		7 - Segurança.txt = 7 - Segurança.txt
	EndProjectSection
EndProject
Project("{2150E333-8FDC-42A3-9474-1A3956D46DE8}") = "Testes", "Testes", "{5C018FBD-3BDC-41DB-8FD3-97FF9B57302D}"
	ProjectSection(SolutionItems) = preProject
		Introdução.txt = Introdução.txt
	EndProjectSection
EndProject
Project("{9A19103F-16F7-4668-BE54-9A1E7A4F7556}") = "SimpleUnitTest", "SimpleUnitTest\SimpleUnitTest.csproj", "{A435B28C-0A96-497C-B946-FEC3FE3C7035}"
EndProject
Project("{2150E333-8FDC-42A3-9474-1A3956D46DE8}") = "23 Gang of four", "23 Gang of four", "{830757C5-8CEF-43E0-BB46-9300B970F04D}"
EndProject
Project("{2150E333-8FDC-42A3-9474-1A3956D46DE8}") = "Padrões arquiteturais", "Padrões arquiteturais", "{1E5B7B7E-EA95-4605-B4E9-D82E3CACCFAB}"
EndProject
Project("{2150E333-8FDC-42A3-9474-1A3956D46DE8}") = "Padrões de concorrência", "Padrões de concorrência", "{C3B20E89-066E-40DE-A42B-66F18A751DAC}"
EndProject
Project("{2150E333-8FDC-42A3-9474-1A3956D46DE8}") = "Padrões de integração", "Padrões de integração", "{8309322F-9746-4AC6-A1B9-13214002F12F}"
EndProject
Project("{2150E333-8FDC-42A3-9474-1A3956D46DE8}") = "Padrões de distribuição", "Padrões de distribuição", "{416CE138-3EB8-4DD7-9CD7-0FE3CE9B4501}"
EndProject
Project("{2150E333-8FDC-42A3-9474-1A3956D46DE8}") = "Padrões de criação de API", "Padrões de criação de API", "{00C2C665-75C1-4EE8-BF38-C8F39BEE2F4F}"
EndProject
Project("{FAE04EC0-301F-11D3-BF4B-00C04F79EFBC}") = "MVC", "MVC\MVC.csproj", "{C14C18FE-981B-4F84-B908-DBE9B77BC1D7}"
EndProject
Project("{2150E333-8FDC-42A3-9474-1A3956D46DE8}") = "Solution Items", "Solution Items", "{DE332629-BF2C-44E8-ACC5-EAFDFB57461A}"
	ProjectSection(SolutionItems) = preProject
		.gitignore = .gitignore
	EndProjectSection
EndProject
Global
	GlobalSection(SolutionConfigurationPlatforms) = preSolution
		Debug|Any CPU = Debug|Any CPU
		Release|Any CPU = Release|Any CPU
	EndGlobalSection
	GlobalSection(ProjectConfigurationPlatforms) = postSolution
		{6C3F5770-E761-4A01-9EF8-41C7A99FA558}.Debug|Any CPU.ActiveCfg = Debug|Any CPU
		{6C3F5770-E761-4A01-9EF8-41C7A99FA558}.Debug|Any CPU.Build.0 = Debug|Any CPU
		{6C3F5770-E761-4A01-9EF8-41C7A99FA558}.Release|Any CPU.ActiveCfg = Release|Any CPU
		{6C3F5770-E761-4A01-9EF8-41C7A99FA558}.Release|Any CPU.Build.0 = Release|Any CPU
		{6051D17F-797B-43E6-A77C-516ADF3F7A21}.Debug|Any CPU.ActiveCfg = Debug|Any CPU
		{6051D17F-797B-43E6-A77C-516ADF3F7A21}.Debug|Any CPU.Build.0 = Debug|Any CPU
		{6051D17F-797B-43E6-A77C-516ADF3F7A21}.Release|Any CPU.ActiveCfg = Release|Any CPU
		{6051D17F-797B-43E6-A77C-516ADF3F7A21}.Release|Any CPU.Build.0 = Release|Any CPU
		{C69DA908-6F5A-4A23-9FDF-D2C21FEE8B4D}.Debug|Any CPU.ActiveCfg = Debug|Any CPU
		{C69DA908-6F5A-4A23-9FDF-D2C21FEE8B4D}.Debug|Any CPU.Build.0 = Debug|Any CPU
		{C69DA908-6F5A-4A23-9FDF-D2C21FEE8B4D}.Release|Any CPU.ActiveCfg = Release|Any CPU
		{C69DA908-6F5A-4A23-9FDF-D2C21FEE8B4D}.Release|Any CPU.Build.0 = Release|Any CPU
		{13123C67-7191-4380-B6ED-67DC71D84BC3}.Debug|Any CPU.ActiveCfg = Debug|Any CPU
		{13123C67-7191-4380-B6ED-67DC71D84BC3}.Debug|Any CPU.Build.0 = Debug|Any CPU
		{13123C67-7191-4380-B6ED-67DC71D84BC3}.Release|Any CPU.ActiveCfg = Release|Any CPU
		{13123C67-7191-4380-B6ED-67DC71D84BC3}.Release|Any CPU.Build.0 = Release|Any CPU
		{30923750-8C68-45B5-82DB-5B16DD8B111D}.Debug|Any CPU.ActiveCfg = Debug|Any CPU
		{30923750-8C68-45B5-82DB-5B16DD8B111D}.Debug|Any CPU.Build.0 = Debug|Any CPU
		{30923750-8C68-45B5-82DB-5B16DD8B111D}.Release|Any CPU.ActiveCfg = Release|Any CPU
		{30923750-8C68-45B5-82DB-5B16DD8B111D}.Release|Any CPU.Build.0 = Release|Any CPU
		{C803B235-8774-409F-95A7-7A96F2CD3759}.Debug|Any CPU.ActiveCfg = Debug|Any CPU
		{C803B235-8774-409F-95A7-7A96F2CD3759}.Debug|Any CPU.Build.0 = Debug|Any CPU
		{C803B235-8774-409F-95A7-7A96F2CD3759}.Release|Any CPU.ActiveCfg = Release|Any CPU
		{C803B235-8774-409F-95A7-7A96F2CD3759}.Release|Any CPU.Build.0 = Release|Any CPU
		{09D9F33D-8C18-4D43-95CD-5BCE36AE5262}.Debug|Any CPU.ActiveCfg = Debug|Any CPU
		{09D9F33D-8C18-4D43-95CD-5BCE36AE5262}.Debug|Any CPU.Build.0 = Debug|Any CPU
		{09D9F33D-8C18-4D43-95CD-5BCE36AE5262}.Release|Any CPU.ActiveCfg = Release|Any CPU
		{09D9F33D-8C18-4D43-95CD-5BCE36AE5262}.Release|Any CPU.Build.0 = Release|Any CPU
		{17FDE08F-81DE-488C-A4E7-321F1A5CD479}.Debug|Any CPU.ActiveCfg = Debug|Any CPU
		{17FDE08F-81DE-488C-A4E7-321F1A5CD479}.Debug|Any CPU.Build.0 = Debug|Any CPU
		{17FDE08F-81DE-488C-A4E7-321F1A5CD479}.Release|Any CPU.ActiveCfg = Release|Any CPU
		{17FDE08F-81DE-488C-A4E7-321F1A5CD479}.Release|Any CPU.Build.0 = Release|Any CPU
		{610882D0-A4B3-41CF-8670-83784037FB57}.Debug|Any CPU.ActiveCfg = Debug|Any CPU
		{610882D0-A4B3-41CF-8670-83784037FB57}.Debug|Any CPU.Build.0 = Debug|Any CPU
		{610882D0-A4B3-41CF-8670-83784037FB57}.Release|Any CPU.ActiveCfg = Release|Any CPU
		{610882D0-A4B3-41CF-8670-83784037FB57}.Release|Any CPU.Build.0 = Release|Any CPU
		{1BEE123C-C856-4E9A-B500-D94316199B88}.Debug|Any CPU.ActiveCfg = Debug|Any CPU
		{1BEE123C-C856-4E9A-B500-D94316199B88}.Debug|Any CPU.Build.0 = Debug|Any CPU
		{1BEE123C-C856-4E9A-B500-D94316199B88}.Release|Any CPU.ActiveCfg = Release|Any CPU
		{1BEE123C-C856-4E9A-B500-D94316199B88}.Release|Any CPU.Build.0 = Release|Any CPU
		{E711A9E6-8339-4533-BB29-9404566FACD0}.Debug|Any CPU.ActiveCfg = Debug|Any CPU
		{E711A9E6-8339-4533-BB29-9404566FACD0}.Debug|Any CPU.Build.0 = Debug|Any CPU
		{E711A9E6-8339-4533-BB29-9404566FACD0}.Release|Any CPU.ActiveCfg = Release|Any CPU
		{E711A9E6-8339-4533-BB29-9404566FACD0}.Release|Any CPU.Build.0 = Release|Any CPU
		{156FE9F6-4110-40CA-8B89-AD5EDB26D3A1}.Debug|Any CPU.ActiveCfg = Debug|Any CPU
		{156FE9F6-4110-40CA-8B89-AD5EDB26D3A1}.Debug|Any CPU.Build.0 = Debug|Any CPU
		{156FE9F6-4110-40CA-8B89-AD5EDB26D3A1}.Release|Any CPU.ActiveCfg = Release|Any CPU
		{156FE9F6-4110-40CA-8B89-AD5EDB26D3A1}.Release|Any CPU.Build.0 = Release|Any CPU
		{81580DDA-A58B-4506-95C1-0D876B3C12FD}.Debug|Any CPU.ActiveCfg = Debug|Any CPU
		{81580DDA-A58B-4506-95C1-0D876B3C12FD}.Debug|Any CPU.Build.0 = Debug|Any CPU
		{81580DDA-A58B-4506-95C1-0D876B3C12FD}.Release|Any CPU.ActiveCfg = Release|Any CPU
		{81580DDA-A58B-4506-95C1-0D876B3C12FD}.Release|Any CPU.Build.0 = Release|Any CPU
		{2D28837D-EFD8-402B-AC84-D03184A0ECE5}.Debug|Any CPU.ActiveCfg = Debug|Any CPU
		{2D28837D-EFD8-402B-AC84-D03184A0ECE5}.Debug|Any CPU.Build.0 = Debug|Any CPU
		{2D28837D-EFD8-402B-AC84-D03184A0ECE5}.Release|Any CPU.ActiveCfg = Release|Any CPU
		{2D28837D-EFD8-402B-AC84-D03184A0ECE5}.Release|Any CPU.Build.0 = Release|Any CPU
		{7EBD1DEE-3DB7-4B3B-B981-ADC2DC1F1FAD}.Debug|Any CPU.ActiveCfg = Debug|Any CPU
		{7EBD1DEE-3DB7-4B3B-B981-ADC2DC1F1FAD}.Debug|Any CPU.Build.0 = Debug|Any CPU
		{7EBD1DEE-3DB7-4B3B-B981-ADC2DC1F1FAD}.Release|Any CPU.ActiveCfg = Release|Any CPU
		{7EBD1DEE-3DB7-4B3B-B981-ADC2DC1F1FAD}.Release|Any CPU.Build.0 = Release|Any CPU
		{2F071B5D-D965-4A53-A339-CE19313D3416}.Debug|Any CPU.ActiveCfg = Debug|Any CPU
		{2F071B5D-D965-4A53-A339-CE19313D3416}.Debug|Any CPU.Build.0 = Debug|Any CPU
		{2F071B5D-D965-4A53-A339-CE19313D3416}.Release|Any CPU.ActiveCfg = Release|Any CPU
		{2F071B5D-D965-4A53-A339-CE19313D3416}.Release|Any CPU.Build.0 = Release|Any CPU
		{20B7EA44-8377-429B-B200-C5B2B8CDF826}.Debug|Any CPU.ActiveCfg = Debug|Any CPU
		{20B7EA44-8377-429B-B200-C5B2B8CDF826}.Debug|Any CPU.Build.0 = Debug|Any CPU
		{20B7EA44-8377-429B-B200-C5B2B8CDF826}.Release|Any CPU.ActiveCfg = Release|Any CPU
		{20B7EA44-8377-429B-B200-C5B2B8CDF826}.Release|Any CPU.Build.0 = Release|Any CPU
		{494849A0-E42B-4327-963D-BCAF9F2D7780}.Debug|Any CPU.ActiveCfg = Debug|Any CPU
		{494849A0-E42B-4327-963D-BCAF9F2D7780}.Debug|Any CPU.Build.0 = Debug|Any CPU
		{494849A0-E42B-4327-963D-BCAF9F2D7780}.Release|Any CPU.ActiveCfg = Release|Any CPU
		{494849A0-E42B-4327-963D-BCAF9F2D7780}.Release|Any CPU.Build.0 = Release|Any CPU
		{C1B8B2AE-B0E9-42FC-A972-FF6A71967417}.Debug|Any CPU.ActiveCfg = Debug|Any CPU
		{C1B8B2AE-B0E9-42FC-A972-FF6A71967417}.Debug|Any CPU.Build.0 = Debug|Any CPU
		{C1B8B2AE-B0E9-42FC-A972-FF6A71967417}.Release|Any CPU.ActiveCfg = Release|Any CPU
		{C1B8B2AE-B0E9-42FC-A972-FF6A71967417}.Release|Any CPU.Build.0 = Release|Any CPU
		{64791010-19C1-492C-91C9-01DBCA7D9F53}.Debug|Any CPU.ActiveCfg = Debug|Any CPU
		{64791010-19C1-492C-91C9-01DBCA7D9F53}.Debug|Any CPU.Build.0 = Debug|Any CPU
		{64791010-19C1-492C-91C9-01DBCA7D9F53}.Release|Any CPU.ActiveCfg = Release|Any CPU
		{64791010-19C1-492C-91C9-01DBCA7D9F53}.Release|Any CPU.Build.0 = Release|Any CPU
		{32DB6E25-73AF-468E-A5DC-B47AD6F782F4}.Debug|Any CPU.ActiveCfg = Debug|Any CPU
		{32DB6E25-73AF-468E-A5DC-B47AD6F782F4}.Debug|Any CPU.Build.0 = Debug|Any CPU
		{32DB6E25-73AF-468E-A5DC-B47AD6F782F4}.Release|Any CPU.ActiveCfg = Release|Any CPU
		{32DB6E25-73AF-468E-A5DC-B47AD6F782F4}.Release|Any CPU.Build.0 = Release|Any CPU
		{381262DE-F93D-4893-B294-81F794B9BD07}.Debug|Any CPU.ActiveCfg = Debug|Any CPU
		{381262DE-F93D-4893-B294-81F794B9BD07}.Debug|Any CPU.Build.0 = Debug|Any CPU
		{381262DE-F93D-4893-B294-81F794B9BD07}.Release|Any CPU.ActiveCfg = Release|Any CPU
		{381262DE-F93D-4893-B294-81F794B9BD07}.Release|Any CPU.Build.0 = Release|Any CPU
		{650920C5-3A25-4BFF-BAD0-B18FA8CCE835}.Debug|Any CPU.ActiveCfg = Debug|Any CPU
		{650920C5-3A25-4BFF-BAD0-B18FA8CCE835}.Debug|Any CPU.Build.0 = Debug|Any CPU
		{650920C5-3A25-4BFF-BAD0-B18FA8CCE835}.Release|Any CPU.ActiveCfg = Release|Any CPU
		{650920C5-3A25-4BFF-BAD0-B18FA8CCE835}.Release|Any CPU.Build.0 = Release|Any CPU
		{A435B28C-0A96-497C-B946-FEC3FE3C7035}.Debug|Any CPU.ActiveCfg = Debug|Any CPU
		{A435B28C-0A96-497C-B946-FEC3FE3C7035}.Debug|Any CPU.Build.0 = Debug|Any CPU
		{A435B28C-0A96-497C-B946-FEC3FE3C7035}.Release|Any CPU.ActiveCfg = Release|Any CPU
		{A435B28C-0A96-497C-B946-FEC3FE3C7035}.Release|Any CPU.Build.0 = Release|Any CPU
		{C14C18FE-981B-4F84-B908-DBE9B77BC1D7}.Debug|Any CPU.ActiveCfg = Debug|Any CPU
		{C14C18FE-981B-4F84-B908-DBE9B77BC1D7}.Debug|Any CPU.Build.0 = Debug|Any CPU
		{C14C18FE-981B-4F84-B908-DBE9B77BC1D7}.Release|Any CPU.ActiveCfg = Release|Any CPU
		{C14C18FE-981B-4F84-B908-DBE9B77BC1D7}.Release|Any CPU.Build.0 = Release|Any CPU
	EndGlobalSection
	GlobalSection(SolutionProperties) = preSolution
		HideSolutionNode = FALSE
	EndGlobalSection
	GlobalSection(NestedProjects) = preSolution
		{6C3F5770-E761-4A01-9EF8-41C7A99FA558} = {A8BFB3B2-ACA2-495E-A715-153E5B2BB5DA}
		{6051D17F-797B-43E6-A77C-516ADF3F7A21} = {A8BFB3B2-ACA2-495E-A715-153E5B2BB5DA}
		{C69DA908-6F5A-4A23-9FDF-D2C21FEE8B4D} = {A8BFB3B2-ACA2-495E-A715-153E5B2BB5DA}
		{13123C67-7191-4380-B6ED-67DC71D84BC3} = {A8BFB3B2-ACA2-495E-A715-153E5B2BB5DA}
		{30923750-8C68-45B5-82DB-5B16DD8B111D} = {A8BFB3B2-ACA2-495E-A715-153E5B2BB5DA}
		{A8BFB3B2-ACA2-495E-A715-153E5B2BB5DA} = {830757C5-8CEF-43E0-BB46-9300B970F04D}
		{A3BFE767-20EE-4B11-9D76-9444F12C658A} = {830757C5-8CEF-43E0-BB46-9300B970F04D}
		{CDD7E2A3-7CCA-469F-B93D-EDAB3B2227FE} = {830757C5-8CEF-43E0-BB46-9300B970F04D}
		{C803B235-8774-409F-95A7-7A96F2CD3759} = {A3BFE767-20EE-4B11-9D76-9444F12C658A}
		{09D9F33D-8C18-4D43-95CD-5BCE36AE5262} = {A3BFE767-20EE-4B11-9D76-9444F12C658A}
		{17FDE08F-81DE-488C-A4E7-321F1A5CD479} = {A3BFE767-20EE-4B11-9D76-9444F12C658A}
		{610882D0-A4B3-41CF-8670-83784037FB57} = {A3BFE767-20EE-4B11-9D76-9444F12C658A}
		{1BEE123C-C856-4E9A-B500-D94316199B88} = {A3BFE767-20EE-4B11-9D76-9444F12C658A}
		{E711A9E6-8339-4533-BB29-9404566FACD0} = {A3BFE767-20EE-4B11-9D76-9444F12C658A}
		{156FE9F6-4110-40CA-8B89-AD5EDB26D3A1} = {A3BFE767-20EE-4B11-9D76-9444F12C658A}
		{81580DDA-A58B-4506-95C1-0D876B3C12FD} = {CDD7E2A3-7CCA-469F-B93D-EDAB3B2227FE}
		{2D28837D-EFD8-402B-AC84-D03184A0ECE5} = {CDD7E2A3-7CCA-469F-B93D-EDAB3B2227FE}
		{7EBD1DEE-3DB7-4B3B-B981-ADC2DC1F1FAD} = {CDD7E2A3-7CCA-469F-B93D-EDAB3B2227FE}
		{2F071B5D-D965-4A53-A339-CE19313D3416} = {CDD7E2A3-7CCA-469F-B93D-EDAB3B2227FE}
		{20B7EA44-8377-429B-B200-C5B2B8CDF826} = {CDD7E2A3-7CCA-469F-B93D-EDAB3B2227FE}
		{494849A0-E42B-4327-963D-BCAF9F2D7780} = {CDD7E2A3-7CCA-469F-B93D-EDAB3B2227FE}
		{C1B8B2AE-B0E9-42FC-A972-FF6A71967417} = {CDD7E2A3-7CCA-469F-B93D-EDAB3B2227FE}
		{64791010-19C1-492C-91C9-01DBCA7D9F53} = {CDD7E2A3-7CCA-469F-B93D-EDAB3B2227FE}
		{32DB6E25-73AF-468E-A5DC-B47AD6F782F4} = {CDD7E2A3-7CCA-469F-B93D-EDAB3B2227FE}
		{381262DE-F93D-4893-B294-81F794B9BD07} = {CDD7E2A3-7CCA-469F-B93D-EDAB3B2227FE}
		{650920C5-3A25-4BFF-BAD0-B18FA8CCE835} = {CDD7E2A3-7CCA-469F-B93D-EDAB3B2227FE}
		{A435B28C-0A96-497C-B946-FEC3FE3C7035} = {5C018FBD-3BDC-41DB-8FD3-97FF9B57302D}
		{830757C5-8CEF-43E0-BB46-9300B970F04D} = {99D42E47-F320-40D4-A15C-156361E71314}
		{1E5B7B7E-EA95-4605-B4E9-D82E3CACCFAB} = {99D42E47-F320-40D4-A15C-156361E71314}
		{C3B20E89-066E-40DE-A42B-66F18A751DAC} = {99D42E47-F320-40D4-A15C-156361E71314}
		{8309322F-9746-4AC6-A1B9-13214002F12F} = {99D42E47-F320-40D4-A15C-156361E71314}
		{416CE138-3EB8-4DD7-9CD7-0FE3CE9B4501} = {99D42E47-F320-40D4-A15C-156361E71314}
		{00C2C665-75C1-4EE8-BF38-C8F39BEE2F4F} = {99D42E47-F320-40D4-A15C-156361E71314}
		{C14C18FE-981B-4F84-B908-DBE9B77BC1D7} = {1E5B7B7E-EA95-4605-B4E9-D82E3CACCFAB}
	EndGlobalSection
	GlobalSection(ExtensibilityGlobals) = postSolution
		SolutionGuid = {8DD2A2DA-9363-4DC1-9470-1DB515239080}
	EndGlobalSection
EndGlobal
